
Microsoft Visual Studio Solution File, Format Version 11.00
# Visual Studio 2010
Project("{FAE04EC0-301F-11D3-BF4B-00C04F79EFBC}") = "AnalysisDisplay", "AnalysisDisplay\AnalysisDisplay.csproj", "{FD1D6A6B-60A4-4FF3-9438-2F206D8EB1D7}"
EndProject
Project("{FAE04EC0-301F-11D3-BF4B-00C04F79EFBC}") = "AnalysisLibrary", "AnalysisLibrary\AnalysisLibrary.csproj", "{CBCD54C2-685E-4405-B070-7F415049587E}"
EndProject
Project("{FAE04EC0-301F-11D3-BF4B-00C04F79EFBC}") = "AnalysisTests", "AnalysisTests\AnalysisTests.csproj", "{B16C34A1-8C39-4059-BD5C-FE928B171D62}"
EndProject
Project("{2150E333-8FDC-42A3-9474-1A3956D46DE8}") = "Solution Items", "Solution Items", "{8FE42469-8ED6-4120-AD8B-74EDAB9D935E}"
	ProjectSection(SolutionItems) = preProject
		Readme.txt = Readme.txt
	EndProjectSection
EndProject
Global
	GlobalSection(SolutionConfigurationPlatforms) = preSolution
		Debug|Any CPU = Debug|Any CPU
		Debug|Mixed Platforms = Debug|Mixed Platforms
		Debug|x86 = Debug|x86
		Release|Any CPU = Release|Any CPU
		Release|Mixed Platforms = Release|Mixed Platforms
		Release|x86 = Release|x86
	EndGlobalSection
	GlobalSection(ProjectConfigurationPlatforms) = postSolution
		{FD1D6A6B-60A4-4FF3-9438-2F206D8EB1D7}.Debug|Any CPU.ActiveCfg = Debug|x86
		{FD1D6A6B-60A4-4FF3-9438-2F206D8EB1D7}.Debug|Mixed Platforms.ActiveCfg = Debug|x86
		{FD1D6A6B-60A4-4FF3-9438-2F206D8EB1D7}.Debug|Mixed Platforms.Build.0 = Debug|x86
		{FD1D6A6B-60A4-4FF3-9438-2F206D8EB1D7}.Debug|x86.ActiveCfg = Debug|x86
		{FD1D6A6B-60A4-4FF3-9438-2F206D8EB1D7}.Debug|x86.Build.0 = Debug|x86
		{FD1D6A6B-60A4-4FF3-9438-2F206D8EB1D7}.Release|Any CPU.ActiveCfg = Release|x86
		{FD1D6A6B-60A4-4FF3-9438-2F206D8EB1D7}.Release|Mixed Platforms.ActiveCfg = Release|x86
		{FD1D6A6B-60A4-4FF3-9438-2F206D8EB1D7}.Release|Mixed Platforms.Build.0 = Release|x86
		{FD1D6A6B-60A4-4FF3-9438-2F206D8EB1D7}.Release|x86.ActiveCfg = Release|x86
		{FD1D6A6B-60A4-4FF3-9438-2F206D8EB1D7}.Release|x86.Build.0 = Release|x86
		{CBCD54C2-685E-4405-B070-7F415049587E}.Debug|Any CPU.ActiveCfg = Debug|Any CPU
		{CBCD54C2-685E-4405-B070-7F415049587E}.Debug|Any CPU.Build.0 = Debug|Any CPU
		{CBCD54C2-685E-4405-B070-7F415049587E}.Debug|Mixed Platforms.ActiveCfg = Debug|Any CPU
		{CBCD54C2-685E-4405-B070-7F415049587E}.Debug|Mixed Platforms.Build.0 = Debug|Any CPU
		{CBCD54C2-685E-4405-B070-7F415049587E}.Debug|x86.ActiveCfg = Debug|Any CPU
		{CBCD54C2-685E-4405-B070-7F415049587E}.Release|Any CPU.ActiveCfg = Release|Any CPU
		{CBCD54C2-685E-4405-B070-7F415049587E}.Release|Any CPU.Build.0 = Release|Any CPU
		{CBCD54C2-685E-4405-B070-7F415049587E}.Release|Mixed Platforms.ActiveCfg = Release|Any CPU
		{CBCD54C2-685E-4405-B070-7F415049587E}.Release|Mixed Platforms.Build.0 = Release|Any CPU
		{CBCD54C2-685E-4405-B070-7F415049587E}.Release|x86.ActiveCfg = Release|Any CPU
		{B16C34A1-8C39-4059-BD5C-FE928B171D62}.Debug|Any CPU.ActiveCfg = Debug|Any CPU
		{B16C34A1-8C39-4059-BD5C-FE928B171D62}.Debug|Any CPU.Build.0 = Debug|Any CPU
		{B16C34A1-8C39-4059-BD5C-FE928B171D62}.Debug|Mixed Platforms.ActiveCfg = Debug|Any CPU
		{B16C34A1-8C39-4059-BD5C-FE928B171D62}.Debug|Mixed Platforms.Build.0 = Debug|Any CPU
		{B16C34A1-8C39-4059-BD5C-FE928B171D62}.Debug|x86.ActiveCfg = Debug|Any CPU
		{B16C34A1-8C39-4059-BD5C-FE928B171D62}.Release|Any CPU.ActiveCfg = Release|Any CPU
		{B16C34A1-8C39-4059-BD5C-FE928B171D62}.Release|Any CPU.Build.0 = Release|Any CPU
		{B16C34A1-8C39-4059-BD5C-FE928B171D62}.Release|Mixed Platforms.ActiveCfg = Release|Any CPU
		{B16C34A1-8C39-4059-BD5C-FE928B171D62}.Release|Mixed Platforms.Build.0 = Release|Any CPU
		{B16C34A1-8C39-4059-BD5C-FE928B171D62}.Release|x86.ActiveCfg = Release|Any CPU
	EndGlobalSection
	GlobalSection(SolutionProperties) = preSolution
		HideSolutionNode = FALSE
	EndGlobalSection
EndGlobal
